# THIS IS AN AUTOGENERATED FILE. DO NOT EDIT THIS FILE DIRECTLY.
# yarn lockfile v1


quasar@^2.3.4:
  version "2.3.4"
  resolved "https://registry.yarnpkg.com/quasar/-/quasar-2.3.4.tgz#cd622f84ad4fc9bd4c156d4a0e6f896e3e92d27b"
  integrity sha512-VgqjuzlRqZU2t4gKDHQHc/gt9nKXi9y1VRM7xYO6VOuJcm48wgOzyBdTwl1vVseghWeEIEHRM9M+R629WWF9MQ==
